// !$*UTF8*$!
{
	archiveVersion = 1;
	classes = {
	};
	objectVersion = 48;
	objects = {

/* Begin PBXBuildFile section */
		7107DC201F9D91B5009B79D0 /* AppDelegate.swift in Sources */ = {isa = PBXBuildFile; fileRef = 7107DC1F1F9D91B5009B79D0 /* AppDelegate.swift */; };
		7107DC221F9D91B5009B79D0 /* ViewController.swift in Sources */ = {isa = PBXBuildFile; fileRef = 7107DC211F9D91B5009B79D0 /* ViewController.swift */; };
		7107DC251F9D91B5009B79D0 /* Main.storyboard in Resources */ = {isa = PBXBuildFile; fileRef = 7107DC231F9D91B5009B79D0 /* Main.storyboard */; };
		7107DC271F9D91B5009B79D0 /* Assets.xcassets in Resources */ = {isa = PBXBuildFile; fileRef = 7107DC261F9D91B5009B79D0 /* Assets.xcassets */; };
		7107DC2A1F9D91B5009B79D0 /* LaunchScreen.storyboard in Resources */ = {isa = PBXBuildFile; fileRef = 7107DC281F9D91B5009B79D0 /* LaunchScreen.storyboard */; };
/* End PBXBuildFile section */

/* Begin PBXFileReference section */
		7107DC1C1F9D91B5009B79D0 /* stackskills.app */ = {isa = PBXFileReference; explicitFileType = wrapper.application; includeInIndex = 0; path = stackskills.app; sourceTree = BUILT_PRODUCTS_DIR; };
		7107DC1F1F9D91B5009B79D0 /* AppDelegate.swift */ = {isa = PBXFileReference; lastKnownFileType = sourcecode.swift; path = AppDelegate.swift; sourceTree = "<group>"; };
		7107DC211F9D91B5009B79D0 /* ViewController.swift */ = {isa = PBXFileReference; lastKnownFileType = sourcecode.swift; path = ViewController.swift; sourceTree = "<group>"; };
		7107DC241F9D91B5009B79D0 /* Base */ = {isa = PBXFileReference; lastKnownFileType = file.storyboard; name = Base; path = Base.lproj/Main.storyboard; sourceTree = "<group>"; };
		7107DC261F9D91B5009B79D0 /* Assets.xcassets */ = {isa = PBXFileReference; lastKnownFileType = folder.assetcatalog; path = Assets.xcassets; sourceTree = "<group>"; };
		7107DC291F9D91B5009B79D0 /* Base */ = {isa = PBXFileReference; lastKnownFileType = file.storyboard; name = Base; path = Base.lproj/LaunchScreen.storyboard; sourceTree = "<group>"; };
		7107DC2B1F9D91B5009B79D0 /* Info.plist */ = {isa = PBXFileReference; lastKnownFileType = text.plist.xml; path = Info.plist; sourceTree = "<group>"; };
/* End PBXFileReference section */

/* Begin PBXFrameworksBuildPhase section */
		7107DC191F9D91B5009B79D0 /* Frameworks */ = {
			isa = PBXFrameworksBuildPhase;
			buildActionMask = 2147483647;
			files = (
			);
			runOnlyForDeploymentPostprocessing = 0;
		};
/* End PBXFrameworksBuildPhase section */

/* Begin PBXGroup section */
		7107DC131F9D91B5009B79D0 = {
			isa = PBXGroup;
			children = (
				7107DC1E1F9D91B5009B79D0 /* stackskills */,
				7107DC1D1F9D91B5009B79D0 /* Products */,
			);
			sourceTree = "<group>";
		};
		7107DC1D1F9D91B5009B79D0 /* Products */ = {
			isa = PBXGroup;
			children = (
				7107DC1C1F9D91B5009B79D0 /* stackskills.app */,
			);
			name = Products;
			sourceTree = "<group>";
		};
		7107DC1E1F9D91B5009B79D0 /* stackskills */ = {
			isa = PBXGroup;
			children = (
				7107DC1F1F9D91B5009B79D0 /* AppDelegate.swift */,
				7107DC211F9D91B5009B79D0 /* ViewController.swift */,
				7107DC231F9D91B5009B79D0 /* Main.storyboard */,
				7107DC261F9D91B5009B79D0 /* Assets.xcassets */,
				7107DC281F9D91B5009B79D0 /* LaunchScreen.storyboard */,
				7107DC2B1F9D91B5009B79D0 /* Info.plist */,
			);
			path = stackskills;
			sourceTree = "<group>";
		};
/* End PBXGroup section */

/* Begin PBXNativeTarget section */
		7107DC1B1F9D91B5009B79D0 /* stackskills */ = {
			isa = PBXNativeTarget;
			buildConfigurationList = 7107DC2E1F9D91B5009B79D0 /* Build configuration list for PBXNativeTarget "stackskills" */;
			buildPhases = (
				7107DC181F9D91B5009B79D0 /* Sources */,
				7107DC191F9D91B5009B79D0 /* Frameworks */,
				7107DC1A1F9D91B5009B79D0 /* Resources */,
			);
			buildRules = (
			);
			dependencies = (
			);
			name = stackskills;
			productName = stackskills;
			productReference = 7107DC1C1F9D91B5009B79D0 /* stackskills.app */;
			productType = "com.apple.product-type.application";
		};
/* End PBXNativeTarget section */

/* Begin PBXProject section */
		7107DC141F9D91B5009B79D0 /* Project object */ = {
			isa = PBXProject;
			attributes = {
				LastSwiftUpdateCheck = 0900;
				LastUpgradeCheck = 0900;
				ORGANIZATIONNAME = Wyz;
				TargetAttributes = {
					7107DC1B1F9D91B5009B79D0 = {
						CreatedOnToolsVersion = 9.0;
						ProvisioningStyle = Automatic;
					};
				};
			};
			buildConfigurationList = 7107DC171F9D91B5009B79D0 /* Build configuration list for PBXProject "stackskills" */;
			compatibilityVersion = "Xcode 8.0";
			developmentRegion = en;
			hasScannedForEncodings = 0;
			knownRegions = (
				en,
				Base,
			);
			mainGroup = 7107DC131F9D91B5009B79D0;
			productRefGroup = 7107DC1D1F9D91B5009B79D0 /* Products */;
			projectDirPath = "";
			projectRoot = "";
			targets = (
				7107DC1B1F9D91B5009B79D0 /* stackskills */,
			);
		};
/* End PBXProject section */

/* Begin PBXResourcesBuildPhase section */
		7107DC1A1F9D91B5009B79D0 /* Resources */ = {
			isa = PBXResourcesBuildPhase;
			buildActionMask = 2147483647;
			files = (
				7107DC2A1F9D91B5009B79D0 /* LaunchScreen.storyboard in Resources */,
				7107DC271F9D91B5009B79D0 /* Assets.xcassets in Resources */,
				7107DC251F9D91B5009B79D0 /* Main.storyboard in Resources */,
			);
			runOnlyForDeploymentPostprocessing = 0;
		};
/* End PBXResourcesBuildPhase section */

/* Begin PBXSourcesBuildPhase section */
		7107DC181F9D91B5009B79D0 /* Sources */ = {
			isa = PBXSourcesBuildPhase;
			buildActionMask = 2147483647;
			files = (
				7107DC221F9D91B5009B79D0 /* ViewController.swift in Sources */,
				7107DC201F9D91B5009B79D0 /* AppDelegate.swift in Sources */,
			);
			runOnlyForDeploymentPostprocessing = 0;
		};
/* End PBXSourcesBuildPhase section */

/* Begin PBXVariantGroup section */
		7107DC231F9D91B5009B79D0 /* Main.storyboard */ = {
			isa = PBXVariantGroup;
			children = (
				7107DC241F9D91B5009B79D0 /* Base */,
			);
			name = Main.storyboard;
			sourceTree = "<group>";
		};
		7107DC281F9D91B5009B79D0 /* LaunchScreen.storyboard */ = {
			isa = PBXVariantGroup;
			children = (
				7107DC291F9D91B5009B79D0 /* Base */,
			);
			name = LaunchScreen.storyboard;
			sourceTree = "<group>";
		};
/* End PBXVariantGroup section */

/* Begin XCBuildConfiguration section */
		7107DC2C1F9D91B5009B79D0 /* Debug */ = {
			isa = XCBuildConfiguration;
			buildSettings = {
				ALWAYS_SEARCH_USER_PATHS = NO;
				CLANG_ANALYZER_NONNULL = YES;
				CLANG_ANALYZER_NUMBER_OBJECT_CONVERSION = YES_AGGRESSIVE;
				CLANG_CXX_LANGUAGE_STANDARD = "gnu++14";
				CLANG_CXX_LIBRARY = "libc++";
				CLANG_ENABLE_MODULES = YES;
				CLANG_ENABLE_OBJC_ARC = YES;
				CLANG_WARN_BLOCK_CAPTURE_AUTORELEASING = YES;
				CLANG_WARN_BOOL_CONVERSION = YES;
				CLANG_WARN_COMMA = YES;
				CLANG_WARN_CONSTANT_CONVERSION = YES;
				CLANG_WARN_DIRECT_OBJC_ISA_USAGE = YES_ERROR;
				CLANG_WARN_DOCUMENTATION_COMMENTS = YES;
				CLANG_WARN_EMPTY_BODY = YES;
				CLANG_WARN_ENUM_CONVERSION = YES;
				CLANG_WARN_INFINITE_RECURSION = YES;
				CLANG_WARN_INT_CONVERSION = YES;
				CLANG_WARN_NON_LITERAL_NULL_CONVERSION = YES;
				CLANG_WARN_OBJC_LITERAL_CONVERSION = YES;
				CLANG_WARN_OBJC_ROOT_CLASS = YES_ERROR;
				CLANG_WARN_RANGE_LOOP_ANALYSIS = YES;
				CLANG_WARN_STRICT_PROTOTYPES = YES;
				CLANG_WARN_SUSPICIOUS_MOVE = YES;
				CLANG_WARN_UNGUARDED_AVAILABILITY = YES_AGGRESSIVE;
				CLANG_WARN_UNREACHABLE_CODE = YES;
				CLANG_WARN__DUPLICATE_METHOD_MATCH = YES;
				CODE_SIGN_IDENTITY = "iPhone Developer";
				COPY_PHASE_STRIP = NO;
				DEBUG_INFORMATION_FORMAT = dwarf;
				ENABLE_STRICT_OBJC_MSGSEND = YES;
				ENABLE_TESTABILITY = YES;
				GCC_C_LANGUAGE_STANDARD = gnu11;
				GCC_DYNAMIC_NO_PIC = NO;
				GCC_NO_COMMON_BLOCKS = YES;
				GCC_OPTIMIZATION_LEVEL = 0;
				GCC_PREPROCESSOR_DEFINITIONS = (
					"DEBUG=1",
					"$(inherited)",
				);
				GCC_WARN_64_TO_32_BIT_CONVERSION = YES;
				GCC_WARN_ABOUT_RETURN_TYPE = YES_ERROR;
				GCC_WARN_UNDECLARED_SELECTOR = YES;
				GCC_WARN_UNINITIALIZED_AUTOS = YES_AGGRESSIVE;
				GCC_WARN_UNUSED_FUNCTION = YES;
				GCC_WARN_UNUSED_VARIABLE = YES;
				IPHONEOS_DEPLOYMENT_TARGET = 11.0;
				MTL_ENABLE_DEBUG_INFO = YES;
				ONLY_ACTIVE_ARCH = YES;
				SDKROOT = iphoneos;
				SWIFT_ACTIVE_COMPILATION_CONDITIONS = DEBUG;
				SWIFT_OPTIMIZATION_LEVEL = "-Onone";
			};
			name = Debug;
		};
		7107DC2D1F9D91B5009B79D0 /* Release */ = {
			isa = XCBuildConfiguration;
			buildSettings = {
				ALWAYS_SEARCH_USER_PATHS = NO;
				CLANG_ANALYZER_NONNULL = YES;
				CLANG_ANALYZER_NUMBER_OBJECT_CONVERSION = YES_AGGRESSIVE;
				CLANG_CXX_LANGUAGE_STANDARD = "gnu++14";
				CLANG_CXX_LIBRARY = "libc++";
				CLANG_ENABLE_MODULES = YES;
				CLANG_ENABLE_OBJC_ARC = YES;
				CLANG_WARN_BLOCK_CAPTURE_AUTORELEASING = YES;
				CLANG_WARN_BOOL_CONVERSION = YES;
				CLANG_WARN_COMMA = YES;
				CLANG_WARN_CONSTANT_CONVERSION = YES;
				CLANG_WARN_DIRECT_OBJC_ISA_USAGE = YES_ERROR;
				CLANG_WARN_DOCUMENTATION_COMMENTS = YES;
				CLANG_WARN_EMPTY_BODY = YES;
				CLANG_WARN_ENUM_CONVERSION = YES;
				CLANG_WARN_INFINITE_RECURSION = YES;
				CLANG_WARN_INT_CONVERSION = YES;
				CLANG_WARN_NON_LITERAL_NULL_CONVERSION = YES;
				CLANG_WARN_OBJC_LITERAL_CONVERSION = YES;
				CLANG_WARN_OBJC_ROOT_CLASS = YES_ERROR;
				CLANG_WARN_RANGE_LOOP_ANALYSIS = YES;
				CLANG_WARN_STRICT_PROTOTYPES = YES;
				CLANG_WARN_SUSPICIOUS_MOVE = YES;
				CLANG_WARN_UNGUARDED_AVAILABILITY = YES_AGGRESSIVE;
				CLANG_WARN_UNREACHABLE_CODE = YES;
				CLANG_WARN__DUPLICATE_METHOD_MATCH = YES;
				CODE_SIGN_IDENTITY = "iPhone Developer";
				COPY_PHASE_STRIP = NO;
				DEBUG_INFORMATION_FORMAT = "dwarf-with-dsym";
				ENABLE_NS_ASSERTIONS = NO;
				ENABLE_STRICT_OBJC_MSGSEND = YES;
				GCC_C_LANGUAGE_STANDARD = gnu11;
				GCC_NO_COMMON_BLOCKS = YES;
				GCC_WARN_64_TO_32_BIT_CONVERSION = YES;
				GCC_WARN_ABOUT_RETURN_TYPE = YES_ERROR;
				GCC_WARN_UNDECLARED_SELECTOR = YES;
				GCC_WARN_UNINITIALIZED_AUTOS = YES_AGGRESSIVE;
				GCC_WARN_UNUSED_FUNCTION = YES;
				GCC_WARN_UNUSED_VARIABLE = YES;
				IPHONEOS_DEPLOYMENT_TARGET = 11.0;
				MTL_ENABLE_DEBUG_INFO = NO;
				SDKROOT = iphoneos;
				SWIFT_OPTIMIZATION_LEVEL = "-Owholemodule";
				VALIDATE_PRODUCT = YES;
			};
			name = Release;
		};
		7107DC2F1F9D91B5009B79D0 /* Debug */ = {
			isa = XCBuildConfiguration;
			buildSettings = {
				ASSETCATALOG_COMPILER_APPICON_NAME = AppIcon;
				CODE_SIGN_STYLE = Automatic;
				INFOPLIST_FILE = stackskills/Info.plist;
				LD_RUNPATH_SEARCH_PATHS = "$(inherited) @executable_path/Frameworks";
				PRODUCT_BUNDLE_IDENTIFIER = com.Wyz.stackskills;
				PRODUCT_NAME = "$(TARGET_NAME)";
				SWIFT_VERSION = 4.0;
				TARGETED_DEVICE_FAMILY = "1,2";
			};
			name = Debug;
		};
		7107DC301F9D91B5009B79D0 /* Release */ = {
			isa = XCBuildConfiguration;
			buildSettings = {
				ASSETCATALOG_COMPILER_APPICON_NAME = AppIcon;
				CODE_SIGN_STYLE = Automatic;
				INFOPLIST_FILE = stackskills/Info.plist;
				LD_RUNPATH_SEARCH_PATHS = "$(inherited) @executable_path/Frameworks";
				PRODUCT_BUNDLE_IDENTIFIER = com.Wyz.stackskills;
				PRODUCT_NAME = "$(TARGET_NAME)";
				SWIFT_VERSION = 4.0;
				TARGETED_DEVICE_FAMILY = "1,2";
			};
			name = Release;
		};
/* End XCBuildConfiguration section */

/* Begin XCConfigurationList section */
		7107DC171F9D91B5009B79D0 /* Build configuration list for PBXProject "stackskills" */ = {
			isa = XCConfigurationList;
			buildConfigurations = (
				7107DC2C1F9D91B5009B79D0 /* Debug */,
				7107DC2D1F9D91B5009B79D0 /* Release */,
			);
			defaultConfigurationIsVisible = 0;
			defaultConfigurationName = Release;
		};
		7107DC2E1F9D91B5009B79D0 /* Build configuration list for PBXNativeTarget "stackskills" */ = {
			isa = XCConfigurationList;
			buildConfigurations = (
				7107DC2F1F9D91B5009B79D0 /* Debug */,
				7107DC301F9D91B5009B79D0 /* Release */,
			);
			defaultConfigurationIsVisible = 0;
			defaultConfigurationName = Release;
		};
/* End XCConfigurationList section */
	};
	rootObject = 7107DC141F9D91B5009B79D0 /* Project object */;
}
